// !$*UTF8*$!
{
	archiveVersion = 1;
	classes = {
	};
	objectVersion = 46;
	objects = {

/* Begin PBXBuildFile section */
		F1631D081E8EF37E00068607 /* main.cpp in Sources */ = {isa = PBXBuildFile; fileRef = F1631D071E8EF37E00068607 /* main.cpp */; };
		F1631D171E8EF39800068607 /* copy.l in Sources */ = {isa = PBXBuildFile; fileRef = F1631D0F1E8EF39800068607 /* copy.l */; };
		F1631D191E8EF39800068607 /* copy.y in Sources */ = {isa = PBXBuildFile; fileRef = F1631D121E8EF39800068607 /* copy.y */; };
		F1631D1E1E8EF60B00068607 /* copy.tab.c in Sources */ = {isa = PBXBuildFile; fileRef = F1631D1B1E8EF60B00068607 /* copy.tab.c */; };
		F1631D1F1E8EF60B00068607 /* lex.yy.c in Sources */ = {isa = PBXBuildFile; fileRef = F1631D1D1E8EF60B00068607 /* lex.yy.c */; };
		F1631D211E9137CA00068607 /* README.md in Sources */ = {isa = PBXBuildFile; fileRef = F1631D201E9137CA00068607 /* README.md */; };
/* End PBXBuildFile section */

/* Begin PBXCopyFilesBuildPhase section */
		F1631D021E8EF37D00068607 /* CopyFiles */ = {
			isa = PBXCopyFilesBuildPhase;
			buildActionMask = 2147483647;
			dstPath = /usr/share/man/man1/;
			dstSubfolderSpec = 0;
			files = (
			);
			runOnlyForDeploymentPostprocessing = 1;
		};
/* End PBXCopyFilesBuildPhase section */

/* Begin PBXFileReference section */
		F1631D041E8EF37E00068607 /* lab2 */ = {isa = PBXFileReference; explicitFileType = "compiled.mach-o.executable"; includeInIndex = 0; path = lab2; sourceTree = BUILT_PRODUCTS_DIR; };
		F1631D071E8EF37E00068607 /* main.cpp */ = {isa = PBXFileReference; lastKnownFileType = sourcecode.cpp.cpp; path = main.cpp; sourceTree = "<group>"; };
		F1631D0E1E8EF39800068607 /* build.sh */ = {isa = PBXFileReference; fileEncoding = 4; lastKnownFileType = text.script.sh; path = build.sh; sourceTree = "<group>"; };
		F1631D0F1E8EF39800068607 /* copy.l */ = {isa = PBXFileReference; fileEncoding = 4; lastKnownFileType = sourcecode.lex; path = copy.l; sourceTree = "<group>"; };
		F1631D121E8EF39800068607 /* copy.y */ = {isa = PBXFileReference; fileEncoding = 4; lastKnownFileType = sourcecode.yacc; path = copy.y; sourceTree = "<group>"; };
		F1631D131E8EF39800068607 /* dbd-gram-mi.txt */ = {isa = PBXFileReference; fileEncoding = 4; lastKnownFileType = text; path = "dbd-gram-mi.txt"; sourceTree = "<group>"; };
		F1631D141E8EF39800068607 /* example.txt */ = {isa = PBXFileReference; fileEncoding = 4; lastKnownFileType = text; path = example.txt; sourceTree = "<group>"; };
		F1631D161E8EF39800068607 /* test.file */ = {isa = PBXFileReference; fileEncoding = 4; lastKnownFileType = text; path = test.file; sourceTree = "<group>"; };
		F1631D1B1E8EF60B00068607 /* copy.tab.c */ = {isa = PBXFileReference; fileEncoding = 4; lastKnownFileType = sourcecode.c.c; path = copy.tab.c; sourceTree = "<group>"; };
		F1631D1C1E8EF60B00068607 /* copy.tab.h */ = {isa = PBXFileReference; fileEncoding = 4; lastKnownFileType = sourcecode.c.h; path = copy.tab.h; sourceTree = "<group>"; };
		F1631D1D1E8EF60B00068607 /* lex.yy.c */ = {isa = PBXFileReference; fileEncoding = 4; lastKnownFileType = sourcecode.c.c; path = lex.yy.c; sourceTree = "<group>"; };
		F1631D201E9137CA00068607 /* README.md */ = {isa = PBXFileReference; fileEncoding = 4; lastKnownFileType = net.daringfireball.markdown; path = README.md; sourceTree = "<group>"; };
/* End PBXFileReference section */

/* Begin PBXFrameworksBuildPhase section */
		F1631D011E8EF37D00068607 /* Frameworks */ = {
			isa = PBXFrameworksBuildPhase;
			buildActionMask = 2147483647;
			files = (
			);
			runOnlyForDeploymentPostprocessing = 0;
		};
/* End PBXFrameworksBuildPhase section */

/* Begin PBXGroup section */
		F1631CFB1E8EF37D00068607 = {
			isa = PBXGroup;
			children = (
				F1631D061E8EF37E00068607 /* lab2 */,
				F1631D051E8EF37E00068607 /* Products */,
			);
			sourceTree = "<group>";
		};
		F1631D051E8EF37E00068607 /* Products */ = {
			isa = PBXGroup;
			children = (
				F1631D041E8EF37E00068607 /* lab2 */,
			);
			name = Products;
			sourceTree = "<group>";
		};
		F1631D061E8EF37E00068607 /* lab2 */ = {
			isa = PBXGroup;
			children = (
				F1631D0E1E8EF39800068607 /* build.sh */,
				F1631D0F1E8EF39800068607 /* copy.l */,
				F1631D121E8EF39800068607 /* copy.y */,
				F1631D1B1E8EF60B00068607 /* copy.tab.c */,
				F1631D1C1E8EF60B00068607 /* copy.tab.h */,
				F1631D1D1E8EF60B00068607 /* lex.yy.c */,
				F1631D131E8EF39800068607 /* dbd-gram-mi.txt */,
				F1631D141E8EF39800068607 /* example.txt */,
				F1631D161E8EF39800068607 /* test.file */,
				F1631D071E8EF37E00068607 /* main.cpp */,
				F1631D201E9137CA00068607 /* README.md */,
			);
			path = lab2;
			sourceTree = "<group>";
		};
/* End PBXGroup section */

/* Begin PBXNativeTarget section */
		F1631D031E8EF37D00068607 /* lab2 */ = {
			isa = PBXNativeTarget;
			buildConfigurationList = F1631D0B1E8EF37E00068607 /* Build configuration list for PBXNativeTarget "lab2" */;
			buildPhases = (
				F1631D001E8EF37D00068607 /* Sources */,
				F1631D011E8EF37D00068607 /* Frameworks */,
				F1631D021E8EF37D00068607 /* CopyFiles */,
			);
			buildRules = (
			);
			dependencies = (
			);
			name = lab2;
			productName = lab2;
			productReference = F1631D041E8EF37E00068607 /* lab2 */;
			productType = "com.apple.product-type.tool";
		};
/* End PBXNativeTarget section */

/* Begin PBXProject section */
		F1631CFC1E8EF37D00068607 /* Project object */ = {
			isa = PBXProject;
			attributes = {
				LastUpgradeCheck = 0820;
				ORGANIZATIONNAME = "Vitaliy Vrublevskiy";
				TargetAttributes = {
					F1631D031E8EF37D00068607 = {
						CreatedOnToolsVersion = 8.2.1;
						ProvisioningStyle = Automatic;
					};
				};
			};
			buildConfigurationList = F1631CFF1E8EF37D00068607 /* Build configuration list for PBXProject "lab2" */;
			compatibilityVersion = "Xcode 3.2";
			developmentRegion = English;
			hasScannedForEncodings = 0;
			knownRegions = (
				en,
			);
			mainGroup = F1631CFB1E8EF37D00068607;
			productRefGroup = F1631D051E8EF37E00068607 /* Products */;
			projectDirPath = "";
			projectRoot = "";
			targets = (
				F1631D031E8EF37D00068607 /* lab2 */,
			);
		};
/* End PBXProject section */

/* Begin PBXSourcesBuildPhase section */
		F1631D001E8EF37D00068607 /* Sources */ = {
			isa = PBXSourcesBuildPhase;
			buildActionMask = 2147483647;
			files = (
				F1631D211E9137CA00068607 /* README.md in Sources */,
				F1631D191E8EF39800068607 /* copy.y in Sources */,
				F1631D081E8EF37E00068607 /* main.cpp in Sources */,
				F1631D171E8EF39800068607 /* copy.l in Sources */,
				F1631D1E1E8EF60B00068607 /* copy.tab.c in Sources */,
				F1631D1F1E8EF60B00068607 /* lex.yy.c in Sources */,
			);
			runOnlyForDeploymentPostprocessing = 0;
		};
/* End PBXSourcesBuildPhase section */

/* Begin XCBuildConfiguration section */
		F1631D091E8EF37E00068607 /* Debug */ = {
			isa = XCBuildConfiguration;
			buildSettings = {
				ALWAYS_SEARCH_USER_PATHS = NO;
				CLANG_ANALYZER_NONNULL = YES;
				CLANG_CXX_LANGUAGE_STANDARD = "gnu++0x";
				CLANG_CXX_LIBRARY = "libc++";
				CLANG_ENABLE_MODULES = YES;
				CLANG_ENABLE_OBJC_ARC = YES;
				CLANG_WARN_BOOL_CONVERSION = YES;
				CLANG_WARN_CONSTANT_CONVERSION = YES;
				CLANG_WARN_DIRECT_OBJC_ISA_USAGE = YES_ERROR;
				CLANG_WARN_DOCUMENTATION_COMMENTS = YES;
				CLANG_WARN_EMPTY_BODY = YES;
				CLANG_WARN_ENUM_CONVERSION = YES;
				CLANG_WARN_INFINITE_RECURSION = YES;
				CLANG_WARN_INT_CONVERSION = YES;
				CLANG_WARN_OBJC_ROOT_CLASS = YES_ERROR;
				CLANG_WARN_SUSPICIOUS_MOVE = YES;
				CLANG_WARN_UNREACHABLE_CODE = YES;
				CLANG_WARN__DUPLICATE_METHOD_MATCH = YES;
				CODE_SIGN_IDENTITY = "-";
				COPY_PHASE_STRIP = NO;
				DEBUG_INFORMATION_FORMAT = dwarf;
				ENABLE_STRICT_OBJC_MSGSEND = YES;
				ENABLE_TESTABILITY = YES;
				GCC_C_LANGUAGE_STANDARD = gnu99;
				GCC_DYNAMIC_NO_PIC = NO;
				GCC_NO_COMMON_BLOCKS = YES;
				GCC_OPTIMIZATION_LEVEL = 0;
				GCC_PREPROCESSOR_DEFINITIONS = (
					"DEBUG=1",
					"$(inherited)",
				);
				GCC_WARN_64_TO_32_BIT_CONVERSION = YES;
				GCC_WARN_ABOUT_RETURN_TYPE = YES_ERROR;
				GCC_WARN_UNDECLARED_SELECTOR = YES;
				GCC_WARN_UNINITIALIZED_AUTOS = YES_AGGRESSIVE;
				GCC_WARN_UNUSED_FUNCTION = YES;
				GCC_WARN_UNUSED_VARIABLE = YES;
				MACOSX_DEPLOYMENT_TARGET = 10.12;
				MTL_ENABLE_DEBUG_INFO = YES;
				ONLY_ACTIVE_ARCH = YES;
				SDKROOT = macosx;
			};
			name = Debug;
		};
		F1631D0A1E8EF37E00068607 /* Release */ = {
			isa = XCBuildConfiguration;
			buildSettings = {
				ALWAYS_SEARCH_USER_PATHS = NO;
				CLANG_ANALYZER_NONNULL = YES;
				CLANG_CXX_LANGUAGE_STANDARD = "gnu++0x";
				CLANG_CXX_LIBRARY = "libc++";
				CLANG_ENABLE_MODULES = YES;
				CLANG_ENABLE_OBJC_ARC = YES;
				CLANG_WARN_BOOL_CONVERSION = YES;
				CLANG_WARN_CONSTANT_CONVERSION = YES;
				CLANG_WARN_DIRECT_OBJC_ISA_USAGE = YES_ERROR;
				CLANG_WARN_DOCUMENTATION_COMMENTS = YES;
				CLANG_WARN_EMPTY_BODY = YES;
				CLANG_WARN_ENUM_CONVERSION = YES;
				CLANG_WARN_INFINITE_RECURSION = YES;
				CLANG_WARN_INT_CONVERSION = YES;
				CLANG_WARN_OBJC_ROOT_CLASS = YES_ERROR;
				CLANG_WARN_SUSPICIOUS_MOVE = YES;
				CLANG_WARN_UNREACHABLE_CODE = YES;
				CLANG_WARN__DUPLICATE_METHOD_MATCH = YES;
				CODE_SIGN_IDENTITY = "-";
				COPY_PHASE_STRIP = NO;
				DEBUG_INFORMATION_FORMAT = "dwarf-with-dsym";
				ENABLE_NS_ASSERTIONS = NO;
				ENABLE_STRICT_OBJC_MSGSEND = YES;
				GCC_C_LANGUAGE_STANDARD = gnu99;
				GCC_NO_COMMON_BLOCKS = YES;
				GCC_WARN_64_TO_32_BIT_CONVERSION = YES;
				GCC_WARN_ABOUT_RETURN_TYPE = YES_ERROR;
				GCC_WARN_UNDECLARED_SELECTOR = YES;
				GCC_WARN_UNINITIALIZED_AUTOS = YES_AGGRESSIVE;
				GCC_WARN_UNUSED_FUNCTION = YES;
				GCC_WARN_UNUSED_VARIABLE = YES;
				MACOSX_DEPLOYMENT_TARGET = 10.12;
				MTL_ENABLE_DEBUG_INFO = NO;
				SDKROOT = macosx;
			};
			name = Release;
		};
		F1631D0C1E8EF37E00068607 /* Debug */ = {
			isa = XCBuildConfiguration;
			buildSettings = {
				PRODUCT_NAME = "$(TARGET_NAME)";
			};
			name = Debug;
		};
		F1631D0D1E8EF37E00068607 /* Release */ = {
			isa = XCBuildConfiguration;
			buildSettings = {
				PRODUCT_NAME = "$(TARGET_NAME)";
			};
			name = Release;
		};
/* End XCBuildConfiguration section */

/* Begin XCConfigurationList section */
		F1631CFF1E8EF37D00068607 /* Build configuration list for PBXProject "lab2" */ = {
			isa = XCConfigurationList;
			buildConfigurations = (
				F1631D091E8EF37E00068607 /* Debug */,
				F1631D0A1E8EF37E00068607 /* Release */,
			);
			defaultConfigurationIsVisible = 0;
			defaultConfigurationName = Release;
		};
		F1631D0B1E8EF37E00068607 /* Build configuration list for PBXNativeTarget "lab2" */ = {
			isa = XCConfigurationList;
			buildConfigurations = (
				F1631D0C1E8EF37E00068607 /* Debug */,
				F1631D0D1E8EF37E00068607 /* Release */,
			);
			defaultConfigurationIsVisible = 0;
			defaultConfigurationName = Release;
		};
/* End XCConfigurationList section */
	};
	rootObject = F1631CFC1E8EF37D00068607 /* Project object */;
}
